
Microsoft Visual Studio Solution File, Format Version 12.00
# Visual Studio Version 17
VisualStudioVersion = 17.0.32014.148
MinimumVisualStudioVersion = 10.0.40219.1
Project("{9A19103F-16F7-4668-BE54-9A1E7A4F7556}") = "AuthenticationBlazor.Server", "AuthenticationBlazor\Server\AuthenticationBlazor.Server.csproj", "{6964363F-2261-4704-A467-23E6A9629674}"
EndProject
Project("{9A19103F-16F7-4668-BE54-9A1E7A4F7556}") = "AuthenticationBlazor.Client", "AuthenticationBlazor\Client\AuthenticationBlazor.Client.csproj", "{F683681E-2228-4B39-A8FB-2935E4D77EEB}"
EndProject
Project("{9A19103F-16F7-4668-BE54-9A1E7A4F7556}") = "AuthenticationBlazor.Shared", "AuthenticationBlazor\Shared\AuthenticationBlazor.Shared.csproj", "{0A24F434-F6B0-48DA-9E0A-B11E890A39B4}"
EndProject
Global
	GlobalSection(SolutionConfigurationPlatforms) = preSolution
		Debug|Any CPU = Debug|Any CPU
		Release|Any CPU = Release|Any CPU
	EndGlobalSection
	GlobalSection(ProjectConfigurationPlatforms) = postSolution
		{6964363F-2261-4704-A467-23E6A9629674}.Debug|Any CPU.ActiveCfg = Debug|Any CPU
		{6964363F-2261-4704-A467-23E6A9629674}.Debug|Any CPU.Build.0 = Debug|Any CPU
		{6964363F-2261-4704-A467-23E6A9629674}.Release|Any CPU.ActiveCfg = Release|Any CPU
		{6964363F-2261-4704-A467-23E6A9629674}.Release|Any CPU.Build.0 = Release|Any CPU
		{F683681E-2228-4B39-A8FB-2935E4D77EEB}.Debug|Any CPU.ActiveCfg = Debug|Any CPU
		{F683681E-2228-4B39-A8FB-2935E4D77EEB}.Debug|Any CPU.Build.0 = Debug|Any CPU
		{F683681E-2228-4B39-A8FB-2935E4D77EEB}.Release|Any CPU.ActiveCfg = Release|Any CPU
		{F683681E-2228-4B39-A8FB-2935E4D77EEB}.Release|Any CPU.Build.0 = Release|Any CPU
		{0A24F434-F6B0-48DA-9E0A-B11E890A39B4}.Debug|Any CPU.ActiveCfg = Debug|Any CPU
		{0A24F434-F6B0-48DA-9E0A-B11E890A39B4}.Debug|Any CPU.Build.0 = Debug|Any CPU
		{0A24F434-F6B0-48DA-9E0A-B11E890A39B4}.Release|Any CPU.ActiveCfg = Release|Any CPU
		{0A24F434-F6B0-48DA-9E0A-B11E890A39B4}.Release|Any CPU.Build.0 = Release|Any CPU
	EndGlobalSection
	GlobalSection(SolutionProperties) = preSolution
		HideSolutionNode = FALSE
	EndGlobalSection
	GlobalSection(ExtensibilityGlobals) = postSolution
		SolutionGuid = {9CBB4C05-D739-4154-B1C0-D67047639812}
	EndGlobalSection
EndGlobal
